
Microsoft Visual Studio Solution File, Format Version 12.00
# Visual Studio Version 16
VisualStudioVersion = 16.0.31624.102
MinimumVisualStudioVersion = 10.0.40219.1
Project("{FAE04EC0-301F-11D3-BF4B-00C04F79EFBC}") = "OpenSC4", "OpenSC4\OpenSC4.csproj", "{9BEA843D-72BB-4D83-AD96-195256FAE942}"
EndProject
Global
	GlobalSection(SolutionConfigurationPlatforms) = preSolution
		Debug|Any CPU = Debug|Any CPU
		Release|Any CPU = Release|Any CPU
	EndGlobalSection
	GlobalSection(ProjectConfigurationPlatforms) = postSolution
		{9BEA843D-72BB-4D83-AD96-195256FAE942}.Debug|Any CPU.ActiveCfg = Debug|Any CPU
		{9BEA843D-72BB-4D83-AD96-195256FAE942}.Debug|Any CPU.Build.0 = Debug|Any CPU
		{9BEA843D-72BB-4D83-AD96-195256FAE942}.Release|Any CPU.ActiveCfg = Release|Any CPU
		{9BEA843D-72BB-4D83-AD96-195256FAE942}.Release|Any CPU.Build.0 = Release|Any CPU
	EndGlobalSection
	GlobalSection(SolutionProperties) = preSolution
		HideSolutionNode = FALSE
	EndGlobalSection
	GlobalSection(ExtensibilityGlobals) = postSolution
		SolutionGuid = {E87D300B-B87B-4A74-8DA6-E4362C95B137}
	EndGlobalSection
EndGlobal
